{
  "lockfileVersion": 1,
  "configVersion": 1,
  "workspaces": {
    "": {
      "name": "social-media-fullstack",
      "devDependencies": {
        "@biomejs/biome": "2.5.13",
        "@social/biome-config": "workspace:*",
        "turbo": "^2.10.13",
      },
    },
    "packages/biome-config": {
      "name": "@social/biome-config",
    },
    "packages/schemas": {
      "name": "@social/schemas",
      "version": "0.0.0",
      "dependencies": {
        "zod": "^4.6.5",
      },
      "devDependencies": {
        "@social/typescript-config": "workspace:*",
        "@types/bun": "latest",
        "typescript": "~6.0.3",
      },
    },
    "packages/typescript-config": {
      "name": "@social/typescript-config",
    },
  },
  "packages": {
    "@biomejs/biome": ["@biomejs/biome@2.5.13", "", { "optionalDependencies": { "@biomejs/cli-darwin-arm64": "2.5.13", "@biomejs/cli-darwin-x64": "2.5.13", "@biomejs/cli-linux-arm64": "2.5.13", "@biomejs/cli-linux-arm64-musl": "2.5.13", "@biomejs/cli-linux-x64": "2.5.13", "@biomejs/cli-linux-x64-musl": "2.5.13", "@biomejs/cli-win32-arm64": "2.5.13", "@biomejs/cli-win32-x64": "2.5.13" }, "bin": { "biome": "bin/biome" } }, "sha512-+SEC/mFk1a+5mvUANZgbZTaiZXs1nj4iMhL/PHiqDT5TPUEPFIlliEtkKKZB4N862yylHC3UI+/Sj2I0HJEqhA=="],

    "@biomejs/cli-darwin-arm64": ["@biomejs/cli-darwin-arm64@2.5.13", "", { "os": "darwin", "cpu": "arm64" }, "sha512-nYSuDJ6zgVqZUkAkJkvhXxsF2PYIrUk/g638K4voCXz7foI9f7b6C2/7+oAihsHQlivZNMUrm/y8ywlcHQtZOw=="],

    "@biomejs/cli-darwin-x64": ["@biomejs/cli-darwin-x64@2.5.13", "", { "os": "darwin", "cpu": "x64" }, "sha512-KVy1ceEDuJ3AzFxjT9kkxbVy+UANw1pjEMUS6lvKfxjJ+fmkRvc7sQn1Xo6ETgseEI7wUQoV03KSga3XfE8YRQ=="],

    "@biomejs/cli-linux-arm64": ["@biomejs/cli-linux-arm64@2.5.13", "", { "os": "linux", "cpu": "arm64" }, "sha512-VlNMtoxOqs0dUR6drxxHr18SNUvI7xxAuHZlH4s/dstYSf3g6RaqVgo8JRnhcOhKz9afWrvtJTboNG1JuYlIDQ=="],

    "@biomejs/cli-linux-arm64-musl": ["@biomejs/cli-linux-arm64-musl@2.5.13", "", { "os": "linux", "cpu": "arm64" }, "sha512-CH32xpep3dNS5EVJpAHlYchkBYznxyVZQrx0b6YYYlPL9u9ZeD2NtqiK/6s64+HFS2a7hGnryLlqqZAOh8ax5g=="],

    "@biomejs/cli-linux-x64": ["@biomejs/cli-linux-x64@2.5.13", "", { "os": "linux", "cpu": "x64" }, "sha512-Fi6gIxbUaJ3ZCIXeG3ggIBPF76O2DjDN67WrPX/ODRv54GeXPm2gbEPC96Yb0yrJoiH0Eax1JLx1Pi0XbsNFZQ=="],

    "@biomejs/cli-linux-x64-musl": ["@biomejs/cli-linux-x64-musl@2.5.13", "", { "os": "linux", "cpu": "x64" }, "sha512-F3pmwl+VHoUuVJN/tbNLKeLt0SVK3EIyN1jXlMcNyQGYRQQTVqXF+GgkP0/CjGXFN87e/mv0sBfUnWqWza5PKQ=="],

    "@biomejs/cli-win32-arm64": ["@biomejs/cli-win32-arm64@2.5.13", "", { "os": "win32", "cpu": "arm64" }, "sha512-+WD13qshXrr0Icv4BfsAdzm8Fs3TL+nZ59zEQxsYNd8lcgZJ0A5+OrlwsL1PipVCmWeRpxgIPD6DAcEd7smkCQ=="],

    "@biomejs/cli-win32-x64": ["@biomejs/cli-win32-x64@2.5.13", "", { "os": "win32", "cpu": "x64" }, "sha512-VOofU/nW761XWzUeUNE8zzYNyPrxuMuNFMizL0qz7J75yeV8N7WFheUlk1/K6dOkaFpH9wJ+lDKlwjAbw0346w=="],

    "@social/biome-config": ["@social/biome-config@workspace:packages/biome-config"],

    "@social/schemas": ["@social/schemas@workspace:packages/schemas"],

    "@social/typescript-config": ["@social/typescript-config@workspace:packages/typescript-config"],

    "@turbo/darwin-64": ["@turbo/darwin-64@2.10.13", "", { "os": "darwin", "cpu": "x64" }, "sha512-m5DBcpkxmcKpEJHHFUfqf9GLUjSmw3cDnBJM9nghPW3kjCNb5OyNKmzG7/yT5x5AwzOO+HMwKN+UI4iVKL87YA=="],

    "@turbo/darwin-arm64": ["@turbo/darwin-arm64@2.10.13", "", { "os": "darwin", "cpu": "arm64" }, "sha512-vfKPvSuoY8BJGj8M8yN+a7aq1g+CejbEacDSDlJLDkSbPN3J/U1DbYAmPG8Ype5XvImI0SgfvUhIorNnFj67zw=="],

    "@turbo/linux-64": ["@turbo/linux-64@2.10.13", "", { "os": [ "linux", "android", ], "cpu": "x64" }, "sha512-Zp0N5M6j9iEjJtFLTA2L+52TLuYy0VbXT3zLZzfMeqqdKSUJ7pDo2pA1NhqjoQcF2dIsktZ8xZRW3pGI6T81fw=="],

    "@turbo/linux-arm64": ["@turbo/linux-arm64@2.10.13", "", { "os": [ "linux", "android", ], "cpu": "arm64" }, "sha512-M8XcfWdS2D4EP3wzd5ehUyCANucMIOsRE6gZuV0Mr2NIn+FpsUjXFCh7r9HY7GnNcjXH4tUnT76OsCDg2c0Fng=="],

    "@turbo/windows-64": ["@turbo/windows-64@2.10.13", "", { "os": "win32", "cpu": "x64" }, "sha512-QFd3KBMpBBCc31TbxMnxgdBivie8lxJXV8EqmanH8fg8l2e1BdCLWpZJbxk48VNvcF4LHUnwO0FJOq+veKN1cw=="],

    "@turbo/windows-arm64": ["@turbo/windows-arm64@2.10.13", "", { "os": "win32", "cpu": "arm64" }, "sha512-rM+cFO1P8iAHXdasOdMyK9nDk0UGII7VEFLIA8+jwv/+rh48pnVBbF2OSjJDBOw57pxNLIOEDA0JyKcarTBcIw=="],

    "@types/bun": ["@types/bun@1.4.2", "", { "dependencies": { "bun-types": "1.4.2" } }, "sha512-GimotNn7+ZV0uVArItBbriZsR1oNf0+WTzPkdcFrzShI7k2norL0uzEaJT8T33dWr7O/c9ZDuAFQrctKCi72oQ=="],

    "@types/node": ["@types/node@22.20.3", "", { "dependencies": { "undici-types": "~6.21.0" } }, "sha512-DZmzkmwHzXrLPAXPyKNDzlIwMMUZCVacoD25ywdy5YTKGbOx/2ld+Q38Im2zJ0vBuZP5Prd3VZutKZyXwkOS8A=="],

    "bun-types": ["bun-types@1.4.2", "", { "dependencies": { "@types/node": "*" } }, "sha512-bxV1FgK7yBIzjRe5zBozIM4Bem11ZJcCXSrjWRG3YWLt8yFDePu4cLjpebO8OvPeIE9trbyPF4fuj3Cia4Fj3w=="],

    "turbo": ["turbo@2.10.13", "", { "optionalDependencies": { "@turbo/darwin-64": "2.10.13", "@turbo/darwin-arm64": "2.10.13", "@turbo/linux-64": "2.10.13", "@turbo/linux-arm64": "2.10.13", "@turbo/windows-64": "2.10.13", "@turbo/windows-arm64": "2.10.13" }, "bin": { "turbo": "bin/turbo" } }, "sha512-69MkPbjk+G8oyC7pC2DeBk0rPdbLz51wuH5eAT0Q4BVJkzq/b1XM4kUUidsARbmDjwIELSJwd1ezITULY9kWNw=="],

    "typescript": ["typescript@6.0.3", "", { "bin": { "tsc": "bin/tsc", "tsserver": "bin/tsserver" } }, "sha512-y2TvuxSZPDyQakkFRPZHKFm+KKVqIisdg9/CZwm9ftvKXLP8NRWj38/ODjNbr43SsoXqNuAisEf1GdCxqWcdBw=="],

    "undici-types": ["undici-types@6.21.0", "", {}, "sha512-iwDZqg0QAGrg9Rav5H4n0M64c3mkR59cJ6wQp+7C4nI0gsmExaedaYLNO44eT4AtBBwjbTiGPMlt2Md0T9H9JQ=="],

    "zod": ["zod@4.6.5", "", {}, "sha512-v5l/aFXZQeai4awLbOpSoHecE9UiMrnfx75tEXLjNonXVARxQ5mOeipTjROUchszUNCqnE+hqAMujRsRHsut2Q=="],
  }
}
